
Microsoft Visual Studio Solution File, Format Version 12.00
# Visual Studio Version 17
VisualStudioVersion = 17.14.36401.2 d17.14
MinimumVisualStudioVersion = 10.0.40219.1
Project("{FAE04EC0-301F-11D3-BF4B-00C04F79EFBC}") = "SharpPcapTut", "SharpPcapTut\SharpPcapTut.csproj", "{12B6BCAB-F1C2-48A9-8C79-284797A06046}"
EndProject
Global
	GlobalSection(SolutionConfigurationPlatforms) = preSolution
		Debug|Any CPU = Debug|Any CPU
		Release|Any CPU = Release|Any CPU
	EndGlobalSection
	GlobalSection(ProjectConfigurationPlatforms) = postSolution
		{12B6BCAB-F1C2-48A9-8C79-284797A06046}.Debug|Any CPU.ActiveCfg = Debug|Any CPU
		{12B6BCAB-F1C2-48A9-8C79-284797A06046}.Debug|Any CPU.Build.0 = Debug|Any CPU
		{12B6BCAB-F1C2-48A9-8C79-284797A06046}.Release|Any CPU.ActiveCfg = Release|Any CPU
		{12B6BCAB-F1C2-48A9-8C79-284797A06046}.Release|Any CPU.Build.0 = Release|Any CPU
	EndGlobalSection
	GlobalSection(SolutionProperties) = preSolution
		HideSolutionNode = FALSE
	EndGlobalSection
	GlobalSection(ExtensibilityGlobals) = postSolution
		SolutionGuid = {32D09A58-4A57-4C4E-A5F9-C0237A06AC20}
	EndGlobalSection
EndGlobal
