
Microsoft Visual Studio Solution File, Format Version 12.00
# Visual Studio Version 17
VisualStudioVersion = 17.14.36414.22
MinimumVisualStudioVersion = 10.0.40219.1
Project("{FAE04EC0-301F-11D3-BF4B-00C04F79EFBC}") = "GCTutorialLive", "GCTutorialLive\GCTutorialLive.csproj", "{E6CF5275-1627-451B-A8B2-12F0199A521D}"
EndProject
Project("{FAE04EC0-301F-11D3-BF4B-00C04F79EFBC}") = "TaskVsValueTaskLive", "TaskVsValueTaskLive\TaskVsValueTaskLive.csproj", "{850CBF59-7E88-4430-A09B-5DBF1AD53C6E}"
EndProject
Project("{FAE04EC0-301F-11D3-BF4B-00C04F79EFBC}") = "SpanTutorialLive", "SpanTutorialLive\SpanTutorialLive.csproj", "{F066EA20-B2FA-4733-8D9A-6B340799F420}"
EndProject
Global
	GlobalSection(SolutionConfigurationPlatforms) = preSolution
		Debug|Any CPU = Debug|Any CPU
		Release|Any CPU = Release|Any CPU
	EndGlobalSection
	GlobalSection(ProjectConfigurationPlatforms) = postSolution
		{E6CF5275-1627-451B-A8B2-12F0199A521D}.Debug|Any CPU.ActiveCfg = Debug|Any CPU
		{E6CF5275-1627-451B-A8B2-12F0199A521D}.Debug|Any CPU.Build.0 = Debug|Any CPU
		{E6CF5275-1627-451B-A8B2-12F0199A521D}.Release|Any CPU.ActiveCfg = Release|Any CPU
		{E6CF5275-1627-451B-A8B2-12F0199A521D}.Release|Any CPU.Build.0 = Release|Any CPU
		{850CBF59-7E88-4430-A09B-5DBF1AD53C6E}.Debug|Any CPU.ActiveCfg = Debug|Any CPU
		{850CBF59-7E88-4430-A09B-5DBF1AD53C6E}.Debug|Any CPU.Build.0 = Debug|Any CPU
		{850CBF59-7E88-4430-A09B-5DBF1AD53C6E}.Release|Any CPU.ActiveCfg = Release|Any CPU
		{850CBF59-7E88-4430-A09B-5DBF1AD53C6E}.Release|Any CPU.Build.0 = Release|Any CPU
		{F066EA20-B2FA-4733-8D9A-6B340799F420}.Debug|Any CPU.ActiveCfg = Debug|Any CPU
		{F066EA20-B2FA-4733-8D9A-6B340799F420}.Debug|Any CPU.Build.0 = Debug|Any CPU
		{F066EA20-B2FA-4733-8D9A-6B340799F420}.Release|Any CPU.ActiveCfg = Release|Any CPU
		{F066EA20-B2FA-4733-8D9A-6B340799F420}.Release|Any CPU.Build.0 = Release|Any CPU
	EndGlobalSection
	GlobalSection(SolutionProperties) = preSolution
		HideSolutionNode = FALSE
	EndGlobalSection
	GlobalSection(ExtensibilityGlobals) = postSolution
		SolutionGuid = {3CECE61F-41FD-4CD6-8A55-6D5C02D2CE43}
	EndGlobalSection
EndGlobal
